
Microsoft Visual Studio Solution File, Format Version 12.00
# Visual Studio 15
VisualStudioVersion = 15.0.28307.421
MinimumVisualStudioVersion = 10.0.40219.1
Project("{2150E333-8FDC-42A3-9474-1A3956D46DE8}") = "QualificationRound", "QualificationRound", "{02699B61-3FD4-4A19-B1A8-A8CC30666FAF}"
EndProject
Project("{2150E333-8FDC-42A3-9474-1A3956D46DE8}") = "Round1", "Round1", "{CEB48428-EC7E-45FD-9932-BA72AEE9FCDF}"
EndProject
Project("{8BC9CEB8-8B4A-11D0-8D11-00A0C91BC942}") = "Cryptopangrams", "QualificationRound\Cryptopangrams\Cryptopangrams.vcxproj", "{FC9A8E4F-4E47-48A7-AB18-92F50DD24F2D}"
EndProject
Project("{8BC9CEB8-8B4A-11D0-8D11-00A0C91BC942}") = "DatBae", "QualificationRound\DatBae\DatBae.vcxproj", "{D509357A-3CEF-42F0-8740-A9DD54941F84}"
EndProject
Project("{8BC9CEB8-8B4A-11D0-8D11-00A0C91BC942}") = "ForegoneSolution", "QualificationRound\ForegoneSolution\ForegoneSolution.vcxproj", "{0607D89D-FD98-4105-8851-EC1319BC2E9A}"
EndProject
Project("{8BC9CEB8-8B4A-11D0-8D11-00A0C91BC942}") = "YouCanGoYourOwnWay", "QualificationRound\YouCanGoYourOwnWay\YouCanGoYourOwnWay.vcxproj", "{DCCFC585-6460-42CA-A365-FBCEB57CE6E4}"
EndProject
Project("{8BC9CEB8-8B4A-11D0-8D11-00A0C91BC942}") = "Round1A", "Round1A\Round1A.vcxproj", "{18CE962B-3239-4AE9-86C8-3E53B769C16E}"
EndProject
Project("{8BC9CEB8-8B4A-11D0-8D11-00A0C91BC942}") = "Round1B", "Round1B\Round1B.vcxproj", "{6D882AB8-75F0-4C46-B7E7-5477535E6B50}"
EndProject
Project("{8BC9CEB8-8B4A-11D0-8D11-00A0C91BC942}") = "Round1C", "Round1C\Round1C.vcxproj", "{411F6362-B721-43F5-816C-F979729CB948}"
EndProject
Global
	GlobalSection(SolutionConfigurationPlatforms) = preSolution
		Debug|x64 = Debug|x64
		Debug|x86 = Debug|x86
		Release|x64 = Release|x64
		Release|x86 = Release|x86
	EndGlobalSection
	GlobalSection(ProjectConfigurationPlatforms) = postSolution
		{FC9A8E4F-4E47-48A7-AB18-92F50DD24F2D}.Debug|x64.ActiveCfg = Debug|x64
		{FC9A8E4F-4E47-48A7-AB18-92F50DD24F2D}.Debug|x64.Build.0 = Debug|x64
		{FC9A8E4F-4E47-48A7-AB18-92F50DD24F2D}.Debug|x86.ActiveCfg = Debug|Win32
		{FC9A8E4F-4E47-48A7-AB18-92F50DD24F2D}.Debug|x86.Build.0 = Debug|Win32
		{FC9A8E4F-4E47-48A7-AB18-92F50DD24F2D}.Release|x64.ActiveCfg = Release|x64
		{FC9A8E4F-4E47-48A7-AB18-92F50DD24F2D}.Release|x64.Build.0 = Release|x64
		{FC9A8E4F-4E47-48A7-AB18-92F50DD24F2D}.Release|x86.ActiveCfg = Release|Win32
		{FC9A8E4F-4E47-48A7-AB18-92F50DD24F2D}.Release|x86.Build.0 = Release|Win32
		{D509357A-3CEF-42F0-8740-A9DD54941F84}.Debug|x64.ActiveCfg = Debug|x64
		{D509357A-3CEF-42F0-8740-A9DD54941F84}.Debug|x64.Build.0 = Debug|x64
		{D509357A-3CEF-42F0-8740-A9DD54941F84}.Debug|x86.ActiveCfg = Debug|Win32
		{D509357A-3CEF-42F0-8740-A9DD54941F84}.Debug|x86.Build.0 = Debug|Win32
		{D509357A-3CEF-42F0-8740-A9DD54941F84}.Release|x64.ActiveCfg = Release|x64
		{D509357A-3CEF-42F0-8740-A9DD54941F84}.Release|x64.Build.0 = Release|x64
		{D509357A-3CEF-42F0-8740-A9DD54941F84}.Release|x86.ActiveCfg = Release|Win32
		{D509357A-3CEF-42F0-8740-A9DD54941F84}.Release|x86.Build.0 = Release|Win32
		{0607D89D-FD98-4105-8851-EC1319BC2E9A}.Debug|x64.ActiveCfg = Debug|x64
		{0607D89D-FD98-4105-8851-EC1319BC2E9A}.Debug|x64.Build.0 = Debug|x64
		{0607D89D-FD98-4105-8851-EC1319BC2E9A}.Debug|x86.ActiveCfg = Debug|Win32
		{0607D89D-FD98-4105-8851-EC1319BC2E9A}.Debug|x86.Build.0 = Debug|Win32
		{0607D89D-FD98-4105-8851-EC1319BC2E9A}.Release|x64.ActiveCfg = Release|x64
		{0607D89D-FD98-4105-8851-EC1319BC2E9A}.Release|x64.Build.0 = Release|x64
		{0607D89D-FD98-4105-8851-EC1319BC2E9A}.Release|x86.ActiveCfg = Release|Win32
		{0607D89D-FD98-4105-8851-EC1319BC2E9A}.Release|x86.Build.0 = Release|Win32
		{DCCFC585-6460-42CA-A365-FBCEB57CE6E4}.Debug|x64.ActiveCfg = Debug|x64
		{DCCFC585-6460-42CA-A365-FBCEB57CE6E4}.Debug|x64.Build.0 = Debug|x64
		{DCCFC585-6460-42CA-A365-FBCEB57CE6E4}.Debug|x86.ActiveCfg = Debug|Win32
		{DCCFC585-6460-42CA-A365-FBCEB57CE6E4}.Debug|x86.Build.0 = Debug|Win32
		{DCCFC585-6460-42CA-A365-FBCEB57CE6E4}.Release|x64.ActiveCfg = Release|x64
		{DCCFC585-6460-42CA-A365-FBCEB57CE6E4}.Release|x64.Build.0 = Release|x64
		{DCCFC585-6460-42CA-A365-FBCEB57CE6E4}.Release|x86.ActiveCfg = Release|Win32
		{DCCFC585-6460-42CA-A365-FBCEB57CE6E4}.Release|x86.Build.0 = Release|Win32
		{18CE962B-3239-4AE9-86C8-3E53B769C16E}.Debug|x64.ActiveCfg = Debug|x64
		{18CE962B-3239-4AE9-86C8-3E53B769C16E}.Debug|x64.Build.0 = Debug|x64
		{18CE962B-3239-4AE9-86C8-3E53B769C16E}.Debug|x86.ActiveCfg = Debug|Win32
		{18CE962B-3239-4AE9-86C8-3E53B769C16E}.Debug|x86.Build.0 = Debug|Win32
		{18CE962B-3239-4AE9-86C8-3E53B769C16E}.Release|x64.ActiveCfg = Release|x64
		{18CE962B-3239-4AE9-86C8-3E53B769C16E}.Release|x64.Build.0 = Release|x64
		{18CE962B-3239-4AE9-86C8-3E53B769C16E}.Release|x86.ActiveCfg = Release|Win32
		{18CE962B-3239-4AE9-86C8-3E53B769C16E}.Release|x86.Build.0 = Release|Win32
		{6D882AB8-75F0-4C46-B7E7-5477535E6B50}.Debug|x64.ActiveCfg = Debug|x64
		{6D882AB8-75F0-4C46-B7E7-5477535E6B50}.Debug|x64.Build.0 = Debug|x64
		{6D882AB8-75F0-4C46-B7E7-5477535E6B50}.Debug|x86.ActiveCfg = Debug|Win32
		{6D882AB8-75F0-4C46-B7E7-5477535E6B50}.Debug|x86.Build.0 = Debug|Win32
		{6D882AB8-75F0-4C46-B7E7-5477535E6B50}.Release|x64.ActiveCfg = Release|x64
		{6D882AB8-75F0-4C46-B7E7-5477535E6B50}.Release|x64.Build.0 = Release|x64
		{6D882AB8-75F0-4C46-B7E7-5477535E6B50}.Release|x86.ActiveCfg = Release|Win32
		{6D882AB8-75F0-4C46-B7E7-5477535E6B50}.Release|x86.Build.0 = Release|Win32
		{411F6362-B721-43F5-816C-F979729CB948}.Debug|x64.ActiveCfg = Debug|x64
		{411F6362-B721-43F5-816C-F979729CB948}.Debug|x64.Build.0 = Debug|x64
		{411F6362-B721-43F5-816C-F979729CB948}.Debug|x86.ActiveCfg = Debug|Win32
		{411F6362-B721-43F5-816C-F979729CB948}.Debug|x86.Build.0 = Debug|Win32
		{411F6362-B721-43F5-816C-F979729CB948}.Release|x64.ActiveCfg = Release|x64
		{411F6362-B721-43F5-816C-F979729CB948}.Release|x64.Build.0 = Release|x64
		{411F6362-B721-43F5-816C-F979729CB948}.Release|x86.ActiveCfg = Release|Win32
		{411F6362-B721-43F5-816C-F979729CB948}.Release|x86.Build.0 = Release|Win32
	EndGlobalSection
	GlobalSection(SolutionProperties) = preSolution
		HideSolutionNode = FALSE
	EndGlobalSection
	GlobalSection(NestedProjects) = preSolution
		{FC9A8E4F-4E47-48A7-AB18-92F50DD24F2D} = {02699B61-3FD4-4A19-B1A8-A8CC30666FAF}
		{D509357A-3CEF-42F0-8740-A9DD54941F84} = {02699B61-3FD4-4A19-B1A8-A8CC30666FAF}
		{0607D89D-FD98-4105-8851-EC1319BC2E9A} = {02699B61-3FD4-4A19-B1A8-A8CC30666FAF}
		{DCCFC585-6460-42CA-A365-FBCEB57CE6E4} = {02699B61-3FD4-4A19-B1A8-A8CC30666FAF}
		{18CE962B-3239-4AE9-86C8-3E53B769C16E} = {CEB48428-EC7E-45FD-9932-BA72AEE9FCDF}
		{6D882AB8-75F0-4C46-B7E7-5477535E6B50} = {CEB48428-EC7E-45FD-9932-BA72AEE9FCDF}
		{411F6362-B721-43F5-816C-F979729CB948} = {CEB48428-EC7E-45FD-9932-BA72AEE9FCDF}
	EndGlobalSection
	GlobalSection(ExtensibilityGlobals) = postSolution
		SolutionGuid = {4C263773-4E9D-4512-B0F8-AB404F56A59C}
	EndGlobalSection
EndGlobal
